
Microsoft Visual Studio Solution File, Format Version 12.00
# Visual Studio Version 17
VisualStudioVersion = 17.11.35222.181
MinimumVisualStudioVersion = 10.0.40219.1
Project("{FAE04EC0-301F-11D3-BF4B-00C04F79EFBC}") = "test git", "test git\test git.csproj", "{B7664EC1-3C0C-4489-8F13-9414B7A1C90E}"
EndProject
Global
	GlobalSection(SolutionConfigurationPlatforms) = preSolution
		Debug|Any CPU = Debug|Any CPU
		Release|Any CPU = Release|Any CPU
	EndGlobalSection
	GlobalSection(ProjectConfigurationPlatforms) = postSolution
		{B7664EC1-3C0C-4489-8F13-9414B7A1C90E}.Debug|Any CPU.ActiveCfg = Debug|Any CPU
		{B7664EC1-3C0C-4489-8F13-9414B7A1C90E}.Debug|Any CPU.Build.0 = Debug|Any CPU
		{B7664EC1-3C0C-4489-8F13-9414B7A1C90E}.Release|Any CPU.ActiveCfg = Release|Any CPU
		{B7664EC1-3C0C-4489-8F13-9414B7A1C90E}.Release|Any CPU.Build.0 = Release|Any CPU
	EndGlobalSection
	GlobalSection(SolutionProperties) = preSolution
		HideSolutionNode = FALSE
	EndGlobalSection
	GlobalSection(ExtensibilityGlobals) = postSolution
		SolutionGuid = {C18E18DD-B9BC-4E9E-B98C-524057F38179}
	EndGlobalSection
EndGlobal
